// !$*UTF8*$!
{
	archiveVersion = 1;
	classes = {
	};
	objectVersion = 55;
	objects = {

/* Begin PBXBuildFile section */
		A43A8AC528B6C99B00CCCAFC /* PokemonWikiApp.swift in Sources */ = {isa = PBXBuildFile; fileRef = A43A8AC428B6C99B00CCCAFC /* PokemonWikiApp.swift */; };
		A43A8AC728B6C99B00CCCAFC /* ContentView.swift in Sources */ = {isa = PBXBuildFile; fileRef = A43A8AC628B6C99B00CCCAFC /* ContentView.swift */; };
		A43A8AC928B6C99D00CCCAFC /* Assets.xcassets in Resources */ = {isa = PBXBuildFile; fileRef = A43A8AC828B6C99D00CCCAFC /* Assets.xcassets */; };
		A43A8ACC28B6C99D00CCCAFC /* Preview Assets.xcassets in Resources */ = {isa = PBXBuildFile; fileRef = A43A8ACB28B6C99D00CCCAFC /* Preview Assets.xcassets */; };
		A43A8AD628B6D07000CCCAFC /* Lottie in Frameworks */ = {isa = PBXBuildFile; productRef = A43A8AD528B6D07000CCCAFC /* Lottie */; };
		A43A8ADC28B6D36E00CCCAFC /* pokeball.json in Resources */ = {isa = PBXBuildFile; fileRef = A43A8ADB28B6D36E00CCCAFC /* pokeball.json */; };
		A43A8ADF28B6D5F500CCCAFC /* LottieView.swift in Sources */ = {isa = PBXBuildFile; fileRef = A43A8ADE28B6D5F500CCCAFC /* LottieView.swift */; };
		A43A8AE128B6D77700CCCAFC /* digglet.json in Resources */ = {isa = PBXBuildFile; fileRef = A43A8AE028B6D77700CCCAFC /* digglet.json */; };
		A43A8AE828B6E60900CCCAFC /* SplashScreenView.swift in Sources */ = {isa = PBXBuildFile; fileRef = A43A8AE728B6E60900CCCAFC /* SplashScreenView.swift */; };
/* End PBXBuildFile section */

/* Begin PBXFileReference section */
		A43A8AC128B6C99B00CCCAFC /* PokemonWiki.app */ = {isa = PBXFileReference; explicitFileType = wrapper.application; includeInIndex = 0; path = PokemonWiki.app; sourceTree = BUILT_PRODUCTS_DIR; };
		A43A8AC428B6C99B00CCCAFC /* PokemonWikiApp.swift */ = {isa = PBXFileReference; lastKnownFileType = sourcecode.swift; path = PokemonWikiApp.swift; sourceTree = "<group>"; };
		A43A8AC628B6C99B00CCCAFC /* ContentView.swift */ = {isa = PBXFileReference; lastKnownFileType = sourcecode.swift; path = ContentView.swift; sourceTree = "<group>"; };
		A43A8AC828B6C99D00CCCAFC /* Assets.xcassets */ = {isa = PBXFileReference; lastKnownFileType = folder.assetcatalog; path = Assets.xcassets; sourceTree = "<group>"; };
		A43A8ACB28B6C99D00CCCAFC /* Preview Assets.xcassets */ = {isa = PBXFileReference; lastKnownFileType = folder.assetcatalog; path = "Preview Assets.xcassets"; sourceTree = "<group>"; };
		A43A8ADB28B6D36E00CCCAFC /* pokeball.json */ = {isa = PBXFileReference; fileEncoding = 4; lastKnownFileType = text.json; path = pokeball.json; sourceTree = "<group>"; };
		A43A8ADE28B6D5F500CCCAFC /* LottieView.swift */ = {isa = PBXFileReference; lastKnownFileType = sourcecode.swift; path = LottieView.swift; sourceTree = "<group>"; };
		A43A8AE028B6D77700CCCAFC /* digglet.json */ = {isa = PBXFileReference; fileEncoding = 4; lastKnownFileType = text.json; path = digglet.json; sourceTree = "<group>"; };
		A43A8AE328B6E0EB00CCCAFC /* Pokemon Hollow.ttf */ = {isa = PBXFileReference; lastKnownFileType = file; path = "Pokemon Hollow.ttf"; sourceTree = "<group>"; };
		A43A8AE428B6E0EB00CCCAFC /* Pokemon Solid.ttf */ = {isa = PBXFileReference; lastKnownFileType = file; path = "Pokemon Solid.ttf"; sourceTree = "<group>"; };
		A43A8AE728B6E60900CCCAFC /* SplashScreenView.swift */ = {isa = PBXFileReference; fileEncoding = 4; lastKnownFileType = sourcecode.swift; path = SplashScreenView.swift; sourceTree = "<group>"; };
		A43A8AE928B6EB4C00CCCAFC /* Info.plist */ = {isa = PBXFileReference; lastKnownFileType = text.plist; path = Info.plist; sourceTree = "<group>"; };
/* End PBXFileReference section */

/* Begin PBXFrameworksBuildPhase section */
		A43A8ABE28B6C99B00CCCAFC /* Frameworks */ = {
			isa = PBXFrameworksBuildPhase;
			buildActionMask = 2147483647;
			files = (
				A43A8AD628B6D07000CCCAFC /* Lottie in Frameworks */,
			);
			runOnlyForDeploymentPostprocessing = 0;
		};
/* End PBXFrameworksBuildPhase section */

/* Begin PBXGroup section */
		A43A8AB828B6C99B00CCCAFC = {
			isa = PBXGroup;
			children = (
				A43A8AC328B6C99B00CCCAFC /* PokemonWiki */,
				A43A8AC228B6C99B00CCCAFC /* Products */,
			);
			sourceTree = "<group>";
		};
		A43A8AC228B6C99B00CCCAFC /* Products */ = {
			isa = PBXGroup;
			children = (
				A43A8AC128B6C99B00CCCAFC /* PokemonWiki.app */,
			);
			name = Products;
			sourceTree = "<group>";
		};
		A43A8AC328B6C99B00CCCAFC /* PokemonWiki */ = {
			isa = PBXGroup;
			children = (
				A43A8AE928B6EB4C00CCCAFC /* Info.plist */,
				A43A8AC628B6C99B00CCCAFC /* ContentView.swift */,
				A43A8AC428B6C99B00CCCAFC /* PokemonWikiApp.swift */,
				A43A8AE728B6E60900CCCAFC /* SplashScreenView.swift */,
				A43A8ADD28B6D52800CCCAFC /* Commons */,
				A43A8AC828B6C99D00CCCAFC /* Assets.xcassets */,
				A43A8ACA28B6C99D00CCCAFC /* Preview Content */,
			);
			path = PokemonWiki;
			sourceTree = "<group>";
		};
		A43A8ACA28B6C99D00CCCAFC /* Preview Content */ = {
			isa = PBXGroup;
			children = (
				A43A8ACB28B6C99D00CCCAFC /* Preview Assets.xcassets */,
			);
			path = "Preview Content";
			sourceTree = "<group>";
		};
		A43A8AD828B6D30300CCCAFC /* Lottie */ = {
			isa = PBXGroup;
			children = (
				A43A8ADA28B6D32500CCCAFC /* Common */,
				A43A8ADE28B6D5F500CCCAFC /* LottieView.swift */,
			);
			path = Lottie;
			sourceTree = "<group>";
		};
		A43A8ADA28B6D32500CCCAFC /* Common */ = {
			isa = PBXGroup;
			children = (
				A43A8AE028B6D77700CCCAFC /* digglet.json */,
				A43A8ADB28B6D36E00CCCAFC /* pokeball.json */,
			);
			path = Common;
			sourceTree = "<group>";
		};
		A43A8ADD28B6D52800CCCAFC /* Commons */ = {
			isa = PBXGroup;
			children = (
				A43A8AE228B6E0DC00CCCAFC /* Fonts */,
				A43A8AD828B6D30300CCCAFC /* Lottie */,
			);
			path = Commons;
			sourceTree = "<group>";
		};
		A43A8AE228B6E0DC00CCCAFC /* Fonts */ = {
			isa = PBXGroup;
			children = (
				A43A8AE328B6E0EB00CCCAFC /* Pokemon Hollow.ttf */,
				A43A8AE428B6E0EB00CCCAFC /* Pokemon Solid.ttf */,
			);
			path = Fonts;
			sourceTree = "<group>";
		};
/* End PBXGroup section */

/* Begin PBXNativeTarget section */
		A43A8AC028B6C99B00CCCAFC /* PokemonWiki */ = {
			isa = PBXNativeTarget;
			buildConfigurationList = A43A8ACF28B6C99D00CCCAFC /* Build configuration list for PBXNativeTarget "PokemonWiki" */;
			buildPhases = (
				A43A8ABD28B6C99B00CCCAFC /* Sources */,
				A43A8ABE28B6C99B00CCCAFC /* Frameworks */,
				A43A8ABF28B6C99B00CCCAFC /* Resources */,
			);
			buildRules = (
			);
			dependencies = (
			);
			name = PokemonWiki;
			packageProductDependencies = (
				A43A8AD528B6D07000CCCAFC /* Lottie */,
			);
			productName = PokemonWiki;
			productReference = A43A8AC128B6C99B00CCCAFC /* PokemonWiki.app */;
			productType = "com.apple.product-type.application";
		};
/* End PBXNativeTarget section */

/* Begin PBXProject section */
		A43A8AB928B6C99B00CCCAFC /* Project object */ = {
			isa = PBXProject;
			attributes = {
				BuildIndependentTargetsInParallel = 1;
				LastSwiftUpdateCheck = 1340;
				LastUpgradeCheck = 1340;
				TargetAttributes = {
					A43A8AC028B6C99B00CCCAFC = {
						CreatedOnToolsVersion = 13.4.1;
					};
				};
			};
			buildConfigurationList = A43A8ABC28B6C99B00CCCAFC /* Build configuration list for PBXProject "PokemonWiki" */;
			compatibilityVersion = "Xcode 13.0";
			developmentRegion = en;
			hasScannedForEncodings = 0;
			knownRegions = (
				en,
				Base,
			);
			mainGroup = A43A8AB828B6C99B00CCCAFC;
			packageReferences = (
				A43A8AD428B6D07000CCCAFC /* XCRemoteSwiftPackageReference "lottie-ios" */,
			);
			productRefGroup = A43A8AC228B6C99B00CCCAFC /* Products */;
			projectDirPath = "";
			projectRoot = "";
			targets = (
				A43A8AC028B6C99B00CCCAFC /* PokemonWiki */,
			);
		};
/* End PBXProject section */

/* Begin PBXResourcesBuildPhase section */
		A43A8ABF28B6C99B00CCCAFC /* Resources */ = {
			isa = PBXResourcesBuildPhase;
			buildActionMask = 2147483647;
			files = (
				A43A8AE128B6D77700CCCAFC /* digglet.json in Resources */,
				A43A8ADC28B6D36E00CCCAFC /* pokeball.json in Resources */,
				A43A8ACC28B6C99D00CCCAFC /* Preview Assets.xcassets in Resources */,
				A43A8AC928B6C99D00CCCAFC /* Assets.xcassets in Resources */,
			);
			runOnlyForDeploymentPostprocessing = 0;
		};
/* End PBXResourcesBuildPhase section */

/* Begin PBXSourcesBuildPhase section */
		A43A8ABD28B6C99B00CCCAFC /* Sources */ = {
			isa = PBXSourcesBuildPhase;
			buildActionMask = 2147483647;
			files = (
				A43A8AC728B6C99B00CCCAFC /* ContentView.swift in Sources */,
				A43A8AC528B6C99B00CCCAFC /* PokemonWikiApp.swift in Sources */,
				A43A8ADF28B6D5F500CCCAFC /* LottieView.swift in Sources */,
				A43A8AE828B6E60900CCCAFC /* SplashScreenView.swift in Sources */,
			);
			runOnlyForDeploymentPostprocessing = 0;
		};
/* End PBXSourcesBuildPhase section */

/* Begin XCBuildConfiguration section */
		A43A8ACD28B6C99D00CCCAFC /* Debug */ = {
			isa = XCBuildConfiguration;
			buildSettings = {
				ALWAYS_SEARCH_USER_PATHS = NO;
				CLANG_ANALYZER_NONNULL = YES;
				CLANG_ANALYZER_NUMBER_OBJECT_CONVERSION = YES_AGGRESSIVE;
				CLANG_CXX_LANGUAGE_STANDARD = "gnu++17";
				CLANG_ENABLE_MODULES = YES;
				CLANG_ENABLE_OBJC_ARC = YES;
				CLANG_ENABLE_OBJC_WEAK = YES;
				CLANG_WARN_BLOCK_CAPTURE_AUTORELEASING = YES;
				CLANG_WARN_BOOL_CONVERSION = YES;
				CLANG_WARN_COMMA = YES;
				CLANG_WARN_CONSTANT_CONVERSION = YES;
				CLANG_WARN_DEPRECATED_OBJC_IMPLEMENTATIONS = YES;
				CLANG_WARN_DIRECT_OBJC_ISA_USAGE = YES_ERROR;
				CLANG_WARN_DOCUMENTATION_COMMENTS = YES;
				CLANG_WARN_EMPTY_BODY = YES;
				CLANG_WARN_ENUM_CONVERSION = YES;
				CLANG_WARN_INFINITE_RECURSION = YES;
				CLANG_WARN_INT_CONVERSION = YES;
				CLANG_WARN_NON_LITERAL_NULL_CONVERSION = YES;
				CLANG_WARN_OBJC_IMPLICIT_RETAIN_SELF = YES;
				CLANG_WARN_OBJC_LITERAL_CONVERSION = YES;
				CLANG_WARN_OBJC_ROOT_CLASS = YES_ERROR;
				CLANG_WARN_QUOTED_INCLUDE_IN_FRAMEWORK_HEADER = YES;
				CLANG_WARN_RANGE_LOOP_ANALYSIS = YES;
				CLANG_WARN_STRICT_PROTOTYPES = YES;
				CLANG_WARN_SUSPICIOUS_MOVE = YES;
				CLANG_WARN_UNGUARDED_AVAILABILITY = YES_AGGRESSIVE;
				CLANG_WARN_UNREACHABLE_CODE = YES;
				CLANG_WARN__DUPLICATE_METHOD_MATCH = YES;
				COPY_PHASE_STRIP = NO;
				DEAD_CODE_STRIPPING = NO;
				DEBUG_INFORMATION_FORMAT = dwarf;
				ENABLE_STRICT_OBJC_MSGSEND = YES;
				ENABLE_TESTABILITY = YES;
				GCC_C_LANGUAGE_STANDARD = gnu11;
				GCC_DYNAMIC_NO_PIC = NO;
				GCC_NO_COMMON_BLOCKS = YES;
				GCC_OPTIMIZATION_LEVEL = 0;
				GCC_PREPROCESSOR_DEFINITIONS = (
					"DEBUG=1",
					"$(inherited)",
				);
				GCC_WARN_64_TO_32_BIT_CONVERSION = YES;
				GCC_WARN_ABOUT_RETURN_TYPE = YES_ERROR;
				GCC_WARN_UNDECLARED_SELECTOR = YES;
				GCC_WARN_UNINITIALIZED_AUTOS = YES_AGGRESSIVE;
				GCC_WARN_UNUSED_FUNCTION = YES;
				GCC_WARN_UNUSED_VARIABLE = YES;
				IPHONEOS_DEPLOYMENT_TARGET = 15.5;
				MTL_ENABLE_DEBUG_INFO = INCLUDE_SOURCE;
				MTL_FAST_MATH = YES;
				ONLY_ACTIVE_ARCH = YES;
				SDKROOT = iphoneos;
				SWIFT_ACTIVE_COMPILATION_CONDITIONS = DEBUG;
				SWIFT_OPTIMIZATION_LEVEL = "-Onone";
			};
			name = Debug;
		};
		A43A8ACE28B6C99D00CCCAFC /* Release */ = {
			isa = XCBuildConfiguration;
			buildSettings = {
				ALWAYS_SEARCH_USER_PATHS = NO;
				CLANG_ANALYZER_NONNULL = YES;
				CLANG_ANALYZER_NUMBER_OBJECT_CONVERSION = YES_AGGRESSIVE;
				CLANG_CXX_LANGUAGE_STANDARD = "gnu++17";
				CLANG_ENABLE_MODULES = YES;
				CLANG_ENABLE_OBJC_ARC = YES;
				CLANG_ENABLE_OBJC_WEAK = YES;
				CLANG_WARN_BLOCK_CAPTURE_AUTORELEASING = YES;
				CLANG_WARN_BOOL_CONVERSION = YES;
				CLANG_WARN_COMMA = YES;
				CLANG_WARN_CONSTANT_CONVERSION = YES;
				CLANG_WARN_DEPRECATED_OBJC_IMPLEMENTATIONS = YES;
				CLANG_WARN_DIRECT_OBJC_ISA_USAGE = YES_ERROR;
				CLANG_WARN_DOCUMENTATION_COMMENTS = YES;
				CLANG_WARN_EMPTY_BODY = YES;
				CLANG_WARN_ENUM_CONVERSION = YES;
				CLANG_WARN_INFINITE_RECURSION = YES;
				CLANG_WARN_INT_CONVERSION = YES;
				CLANG_WARN_NON_LITERAL_NULL_CONVERSION = YES;
				CLANG_WARN_OBJC_IMPLICIT_RETAIN_SELF = YES;
				CLANG_WARN_OBJC_LITERAL_CONVERSION = YES;
				CLANG_WARN_OBJC_ROOT_CLASS = YES_ERROR;
				CLANG_WARN_QUOTED_INCLUDE_IN_FRAMEWORK_HEADER = YES;
				CLANG_WARN_RANGE_LOOP_ANALYSIS = YES;
				CLANG_WARN_STRICT_PROTOTYPES = YES;
				CLANG_WARN_SUSPICIOUS_MOVE = YES;
				CLANG_WARN_UNGUARDED_AVAILABILITY = YES_AGGRESSIVE;
				CLANG_WARN_UNREACHABLE_CODE = YES;
				CLANG_WARN__DUPLICATE_METHOD_MATCH = YES;
				COPY_PHASE_STRIP = NO;
				DEAD_CODE_STRIPPING = NO;
				DEBUG_INFORMATION_FORMAT = "dwarf-with-dsym";
				ENABLE_NS_ASSERTIONS = NO;
				ENABLE_STRICT_OBJC_MSGSEND = YES;
				GCC_C_LANGUAGE_STANDARD = gnu11;
				GCC_NO_COMMON_BLOCKS = YES;
				GCC_WARN_64_TO_32_BIT_CONVERSION = YES;
				GCC_WARN_ABOUT_RETURN_TYPE = YES_ERROR;
				GCC_WARN_UNDECLARED_SELECTOR = YES;
				GCC_WARN_UNINITIALIZED_AUTOS = YES_AGGRESSIVE;
				GCC_WARN_UNUSED_FUNCTION = YES;
				GCC_WARN_UNUSED_VARIABLE = YES;
				IPHONEOS_DEPLOYMENT_TARGET = 15.5;
				MTL_ENABLE_DEBUG_INFO = NO;
				MTL_FAST_MATH = YES;
				SDKROOT = iphoneos;
				SWIFT_COMPILATION_MODE = wholemodule;
				SWIFT_OPTIMIZATION_LEVEL = "-O";
				VALIDATE_PRODUCT = YES;
			};
			name = Release;
		};
		A43A8AD028B6C99D00CCCAFC /* Debug */ = {
			isa = XCBuildConfiguration;
			buildSettings = {
				ASSETCATALOG_COMPILER_APPICON_NAME = AppIcon;
				ASSETCATALOG_COMPILER_GLOBAL_ACCENT_COLOR_NAME = AccentColor;
				CODE_SIGN_STYLE = Automatic;
				CURRENT_PROJECT_VERSION = 1;
				DEVELOPMENT_ASSET_PATHS = "\"PokemonWiki/Preview Content\"";
				DEVELOPMENT_TEAM = K5M62WUG58;
				ENABLE_PREVIEWS = YES;
				GENERATE_INFOPLIST_FILE = YES;
				INFOPLIST_FILE = PokemonWiki/Info.plist;
				INFOPLIST_KEY_UIApplicationSceneManifest_Generation = YES;
				INFOPLIST_KEY_UIApplicationSupportsIndirectInputEvents = YES;
				INFOPLIST_KEY_UISupportedInterfaceOrientations_iPad = "UIInterfaceOrientationPortrait UIInterfaceOrientationPortraitUpsideDown UIInterfaceOrientationLandscapeLeft UIInterfaceOrientationLandscapeRight";
				INFOPLIST_KEY_UISupportedInterfaceOrientations_iPhone = "UIInterfaceOrientationPortrait UIInterfaceOrientationLandscapeLeft UIInterfaceOrientationLandscapeRight";
				LD_RUNPATH_SEARCH_PATHS = (
					"$(inherited)",
					"@executable_path/Frameworks",
				);
				MARKETING_VERSION = 1.0;
				PRODUCT_BUNDLE_IDENTIFIER = com.lcvf.PokemonWiki;
				PRODUCT_NAME = "$(TARGET_NAME)";
				SWIFT_EMIT_LOC_STRINGS = YES;
				SWIFT_VERSION = 5.0;
				TARGETED_DEVICE_FAMILY = "1,2";
			};
			name = Debug;
		};
		A43A8AD128B6C99D00CCCAFC /* Release */ = {
			isa = XCBuildConfiguration;
			buildSettings = {
				ASSETCATALOG_COMPILER_APPICON_NAME = AppIcon;
				ASSETCATALOG_COMPILER_GLOBAL_ACCENT_COLOR_NAME = AccentColor;
				CODE_SIGN_STYLE = Automatic;
				CURRENT_PROJECT_VERSION = 1;
				DEVELOPMENT_ASSET_PATHS = "\"PokemonWiki/Preview Content\"";
				DEVELOPMENT_TEAM = K5M62WUG58;
				ENABLE_PREVIEWS = YES;
				GENERATE_INFOPLIST_FILE = YES;
				INFOPLIST_FILE = PokemonWiki/Info.plist;
				INFOPLIST_KEY_UIApplicationSceneManifest_Generation = YES;
				INFOPLIST_KEY_UIApplicationSupportsIndirectInputEvents = YES;
				INFOPLIST_KEY_UISupportedInterfaceOrientations_iPad = "UIInterfaceOrientationPortrait UIInterfaceOrientationPortraitUpsideDown UIInterfaceOrientationLandscapeLeft UIInterfaceOrientationLandscapeRight";
				INFOPLIST_KEY_UISupportedInterfaceOrientations_iPhone = "UIInterfaceOrientationPortrait UIInterfaceOrientationLandscapeLeft UIInterfaceOrientationLandscapeRight";
				LD_RUNPATH_SEARCH_PATHS = (
					"$(inherited)",
					"@executable_path/Frameworks",
				);
				MARKETING_VERSION = 1.0;
				PRODUCT_BUNDLE_IDENTIFIER = com.lcvf.PokemonWiki;
				PRODUCT_NAME = "$(TARGET_NAME)";
				SWIFT_EMIT_LOC_STRINGS = YES;
				SWIFT_VERSION = 5.0;
				TARGETED_DEVICE_FAMILY = "1,2";
			};
			name = Release;
		};
/* End XCBuildConfiguration section */

/* Begin XCConfigurationList section */
		A43A8ABC28B6C99B00CCCAFC /* Build configuration list for PBXProject "PokemonWiki" */ = {
			isa = XCConfigurationList;
			buildConfigurations = (
				A43A8ACD28B6C99D00CCCAFC /* Debug */,
				A43A8ACE28B6C99D00CCCAFC /* Release */,
			);
			defaultConfigurationIsVisible = 0;
			defaultConfigurationName = Release;
		};
		A43A8ACF28B6C99D00CCCAFC /* Build configuration list for PBXNativeTarget "PokemonWiki" */ = {
			isa = XCConfigurationList;
			buildConfigurations = (
				A43A8AD028B6C99D00CCCAFC /* Debug */,
				A43A8AD128B6C99D00CCCAFC /* Release */,
			);
			defaultConfigurationIsVisible = 0;
			defaultConfigurationName = Release;
		};
/* End XCConfigurationList section */

/* Begin XCRemoteSwiftPackageReference section */
		A43A8AD428B6D07000CCCAFC /* XCRemoteSwiftPackageReference "lottie-ios" */ = {
			isa = XCRemoteSwiftPackageReference;
			repositoryURL = "https://github.com/airbnb/lottie-ios.git";
			requirement = {
				kind = upToNextMajorVersion;
				minimumVersion = 3.0.0;
			};
		};
/* End XCRemoteSwiftPackageReference section */

/* Begin XCSwiftPackageProductDependency section */
		A43A8AD528B6D07000CCCAFC /* Lottie */ = {
			isa = XCSwiftPackageProductDependency;
			package = A43A8AD428B6D07000CCCAFC /* XCRemoteSwiftPackageReference "lottie-ios" */;
			productName = Lottie;
		};
/* End XCSwiftPackageProductDependency section */
	};
	rootObject = A43A8AB928B6C99B00CCCAFC /* Project object */;
}
